// !$*UTF8*$!
{
	archiveVersion = 1;
	classes = {
	};
	objectVersion = 48;
	objects = {

/* Begin PBXBuildFile section */
		3277D274205BECC500F7FD8E /* options.c in Sources */ = {isa = PBXBuildFile; fileRef = 3277D273205BECC500F7FD8E /* options.c */; };
		3295996820567A020031C302 /* sam.c in Sources */ = {isa = PBXBuildFile; fileRef = 32959956205679FF0031C302 /* sam.c */; };
		3295996920567A020031C302 /* bw_readmap.c in Sources */ = {isa = PBXBuildFile; fileRef = 32959958205679FF0031C302 /* bw_readmap.c */; };
		3295996A20567A020031C302 /* string_vector.c in Sources */ = {isa = PBXBuildFile; fileRef = 3295995A20567A000031C302 /* string_vector.c */; };
		3295996B20567A020031C302 /* fasta.c in Sources */ = {isa = PBXBuildFile; fileRef = 3295995B20567A000031C302 /* fasta.c */; };
		3295996C20567A020031C302 /* strings.c in Sources */ = {isa = PBXBuildFile; fileRef = 3295995F20567A000031C302 /* strings.c */; };
		3295996D20567A020031C302 /* suffix_array_records.c in Sources */ = {isa = PBXBuildFile; fileRef = 3295996020567A010031C302 /* suffix_array_records.c */; };
		3295996E20567A020031C302 /* size_vector.c in Sources */ = {isa = PBXBuildFile; fileRef = 3295996120567A010031C302 /* size_vector.c */; };
		3295996F20567A020031C302 /* pair_stack.c in Sources */ = {isa = PBXBuildFile; fileRef = 3295996220567A010031C302 /* pair_stack.c */; };
		3295997020567A020031C302 /* suffix_array.c in Sources */ = {isa = PBXBuildFile; fileRef = 3295996420567A010031C302 /* suffix_array.c */; };
		3295997120567A020031C302 /* fastq.c in Sources */ = {isa = PBXBuildFile; fileRef = 3295996620567A020031C302 /* fastq.c */; };
		329599742056B6500031C302 /* search.c in Sources */ = {isa = PBXBuildFile; fileRef = 329599722056B6500031C302 /* search.c */; };
		329599772057B2210031C302 /* cigar.c in Sources */ = {isa = PBXBuildFile; fileRef = 329599752057B2200031C302 /* cigar.c */; };
/* End PBXBuildFile section */

/* Begin PBXCopyFilesBuildPhase section */
		32D8FE502056799B000A55B6 /* CopyFiles */ = {
			isa = PBXCopyFilesBuildPhase;
			buildActionMask = 2147483647;
			dstPath = /usr/share/man/man1/;
			dstSubfolderSpec = 0;
			files = (
			);
			runOnlyForDeploymentPostprocessing = 1;
		};
/* End PBXCopyFilesBuildPhase section */

/* Begin PBXFileReference section */
		3277D272205BECC500F7FD8E /* options.h */ = {isa = PBXFileReference; fileEncoding = 4; lastKnownFileType = sourcecode.c.h; path = options.h; sourceTree = SOURCE_ROOT; };
		3277D273205BECC500F7FD8E /* options.c */ = {isa = PBXFileReference; fileEncoding = 4; lastKnownFileType = sourcecode.c.c; path = options.c; sourceTree = SOURCE_ROOT; };
		32959955205679FF0031C302 /* sam.h */ = {isa = PBXFileReference; fileEncoding = 4; lastKnownFileType = sourcecode.c.h; path = sam.h; sourceTree = SOURCE_ROOT; };
		32959956205679FF0031C302 /* sam.c */ = {isa = PBXFileReference; fileEncoding = 4; lastKnownFileType = sourcecode.c.c; path = sam.c; sourceTree = SOURCE_ROOT; };
		32959957205679FF0031C302 /* strings.h */ = {isa = PBXFileReference; fileEncoding = 4; lastKnownFileType = sourcecode.c.h; path = strings.h; sourceTree = SOURCE_ROOT; };
		32959958205679FF0031C302 /* bw_readmap.c */ = {isa = PBXFileReference; fileEncoding = 4; lastKnownFileType = sourcecode.c.c; path = bw_readmap.c; sourceTree = SOURCE_ROOT; };
		32959959205679FF0031C302 /* size_vector.h */ = {isa = PBXFileReference; fileEncoding = 4; lastKnownFileType = sourcecode.c.h; path = size_vector.h; sourceTree = SOURCE_ROOT; };
		3295995A20567A000031C302 /* string_vector.c */ = {isa = PBXFileReference; fileEncoding = 4; lastKnownFileType = sourcecode.c.c; path = string_vector.c; sourceTree = SOURCE_ROOT; };
		3295995B20567A000031C302 /* fasta.c */ = {isa = PBXFileReference; fileEncoding = 4; lastKnownFileType = sourcecode.c.c; path = fasta.c; sourceTree = SOURCE_ROOT; };
		3295995C20567A000031C302 /* fasta.h */ = {isa = PBXFileReference; fileEncoding = 4; lastKnownFileType = sourcecode.c.h; path = fasta.h; sourceTree = SOURCE_ROOT; };
		3295995D20567A000031C302 /* suffix_array.h */ = {isa = PBXFileReference; fileEncoding = 4; lastKnownFileType = sourcecode.c.h; path = suffix_array.h; sourceTree = SOURCE_ROOT; };
		3295995E20567A000031C302 /* pair_stack.h */ = {isa = PBXFileReference; fileEncoding = 4; lastKnownFileType = sourcecode.c.h; path = pair_stack.h; sourceTree = SOURCE_ROOT; };
		3295995F20567A000031C302 /* strings.c */ = {isa = PBXFileReference; fileEncoding = 4; lastKnownFileType = sourcecode.c.c; path = strings.c; sourceTree = SOURCE_ROOT; };
		3295996020567A010031C302 /* suffix_array_records.c */ = {isa = PBXFileReference; fileEncoding = 4; lastKnownFileType = sourcecode.c.c; path = suffix_array_records.c; sourceTree = SOURCE_ROOT; };
		3295996120567A010031C302 /* size_vector.c */ = {isa = PBXFileReference; fileEncoding = 4; lastKnownFileType = sourcecode.c.c; path = size_vector.c; sourceTree = SOURCE_ROOT; };
		3295996220567A010031C302 /* pair_stack.c */ = {isa = PBXFileReference; fileEncoding = 4; lastKnownFileType = sourcecode.c.c; path = pair_stack.c; sourceTree = SOURCE_ROOT; };
		3295996320567A010031C302 /* string_vector.h */ = {isa = PBXFileReference; fileEncoding = 4; lastKnownFileType = sourcecode.c.h; path = string_vector.h; sourceTree = SOURCE_ROOT; };
		3295996420567A010031C302 /* suffix_array.c */ = {isa = PBXFileReference; fileEncoding = 4; lastKnownFileType = sourcecode.c.c; path = suffix_array.c; sourceTree = SOURCE_ROOT; };
		3295996520567A010031C302 /* suffix_array_records.h */ = {isa = PBXFileReference; fileEncoding = 4; lastKnownFileType = sourcecode.c.h; path = suffix_array_records.h; sourceTree = SOURCE_ROOT; };
		3295996620567A020031C302 /* fastq.c */ = {isa = PBXFileReference; fileEncoding = 4; lastKnownFileType = sourcecode.c.c; path = fastq.c; sourceTree = SOURCE_ROOT; };
		3295996720567A020031C302 /* fastq.h */ = {isa = PBXFileReference; fileEncoding = 4; lastKnownFileType = sourcecode.c.h; path = fastq.h; sourceTree = SOURCE_ROOT; };
		329599722056B6500031C302 /* search.c */ = {isa = PBXFileReference; fileEncoding = 4; lastKnownFileType = sourcecode.c.c; path = search.c; sourceTree = SOURCE_ROOT; };
		329599732056B6500031C302 /* search.h */ = {isa = PBXFileReference; fileEncoding = 4; lastKnownFileType = sourcecode.c.h; path = search.h; sourceTree = SOURCE_ROOT; };
		329599752057B2200031C302 /* cigar.c */ = {isa = PBXFileReference; fileEncoding = 4; lastKnownFileType = sourcecode.c.c; path = cigar.c; sourceTree = SOURCE_ROOT; };
		329599762057B2200031C302 /* cigar.h */ = {isa = PBXFileReference; fileEncoding = 4; lastKnownFileType = sourcecode.c.h; path = cigar.h; sourceTree = SOURCE_ROOT; };
		32D8FE522056799B000A55B6 /* bw_readmapper */ = {isa = PBXFileReference; explicitFileType = "compiled.mach-o.executable"; includeInIndex = 0; path = bw_readmapper; sourceTree = BUILT_PRODUCTS_DIR; };
/* End PBXFileReference section */

/* Begin PBXFrameworksBuildPhase section */
		32D8FE4F2056799B000A55B6 /* Frameworks */ = {
			isa = PBXFrameworksBuildPhase;
			buildActionMask = 2147483647;
			files = (
			);
			runOnlyForDeploymentPostprocessing = 0;
		};
/* End PBXFrameworksBuildPhase section */

/* Begin PBXGroup section */
		32D8FE492056799B000A55B6 = {
			isa = PBXGroup;
			children = (
				32D8FE542056799B000A55B6 /* bw_readmapper */,
				32D8FE532056799B000A55B6 /* Products */,
			);
			sourceTree = "<group>";
		};
		32D8FE532056799B000A55B6 /* Products */ = {
			isa = PBXGroup;
			children = (
				32D8FE522056799B000A55B6 /* bw_readmapper */,
			);
			name = Products;
			sourceTree = "<group>";
		};
		32D8FE542056799B000A55B6 /* bw_readmapper */ = {
			isa = PBXGroup;
			children = (
				3277D273205BECC500F7FD8E /* options.c */,
				3277D272205BECC500F7FD8E /* options.h */,
				32959958205679FF0031C302 /* bw_readmap.c */,
				329599722056B6500031C302 /* search.c */,
				329599752057B2200031C302 /* cigar.c */,
				329599762057B2200031C302 /* cigar.h */,
				329599732056B6500031C302 /* search.h */,
				3295995B20567A000031C302 /* fasta.c */,
				3295995C20567A000031C302 /* fasta.h */,
				3295996620567A020031C302 /* fastq.c */,
				3295996720567A020031C302 /* fastq.h */,
				3295996220567A010031C302 /* pair_stack.c */,
				3295995E20567A000031C302 /* pair_stack.h */,
				32959956205679FF0031C302 /* sam.c */,
				32959955205679FF0031C302 /* sam.h */,
				3295996120567A010031C302 /* size_vector.c */,
				32959959205679FF0031C302 /* size_vector.h */,
				3295995A20567A000031C302 /* string_vector.c */,
				3295996320567A010031C302 /* string_vector.h */,
				3295995F20567A000031C302 /* strings.c */,
				32959957205679FF0031C302 /* strings.h */,
				3295996020567A010031C302 /* suffix_array_records.c */,
				3295996520567A010031C302 /* suffix_array_records.h */,
				3295996420567A010031C302 /* suffix_array.c */,
				3295995D20567A000031C302 /* suffix_array.h */,
			);
			path = bw_readmapper;
			sourceTree = "<group>";
		};
/* End PBXGroup section */

/* Begin PBXNativeTarget section */
		32D8FE512056799B000A55B6 /* bw_readmapper */ = {
			isa = PBXNativeTarget;
			buildConfigurationList = 32D8FE592056799B000A55B6 /* Build configuration list for PBXNativeTarget "bw_readmapper" */;
			buildPhases = (
				32D8FE4E2056799B000A55B6 /* Sources */,
				32D8FE4F2056799B000A55B6 /* Frameworks */,
				32D8FE502056799B000A55B6 /* CopyFiles */,
			);
			buildRules = (
			);
			dependencies = (
			);
			name = bw_readmapper;
			productName = bw_readmapper;
			productReference = 32D8FE522056799B000A55B6 /* bw_readmapper */;
			productType = "com.apple.product-type.tool";
		};
/* End PBXNativeTarget section */

/* Begin PBXProject section */
		32D8FE4A2056799B000A55B6 /* Project object */ = {
			isa = PBXProject;
			attributes = {
				LastUpgradeCheck = 0920;
				ORGANIZATIONNAME = "Thomas Mailund";
				TargetAttributes = {
					32D8FE512056799B000A55B6 = {
						CreatedOnToolsVersion = 9.2;
						ProvisioningStyle = Automatic;
					};
				};
			};
			buildConfigurationList = 32D8FE4D2056799B000A55B6 /* Build configuration list for PBXProject "bw_readmapper" */;
			compatibilityVersion = "Xcode 8.0";
			developmentRegion = en;
			hasScannedForEncodings = 0;
			knownRegions = (
				en,
			);
			mainGroup = 32D8FE492056799B000A55B6;
			productRefGroup = 32D8FE532056799B000A55B6 /* Products */;
			projectDirPath = "";
			projectRoot = "";
			targets = (
				32D8FE512056799B000A55B6 /* bw_readmapper */,
			);
		};
/* End PBXProject section */

/* Begin PBXSourcesBuildPhase section */
		32D8FE4E2056799B000A55B6 /* Sources */ = {
			isa = PBXSourcesBuildPhase;
			buildActionMask = 2147483647;
			files = (
				3295996820567A020031C302 /* sam.c in Sources */,
				3295996E20567A020031C302 /* size_vector.c in Sources */,
				3277D274205BECC500F7FD8E /* options.c in Sources */,
				3295996920567A020031C302 /* bw_readmap.c in Sources */,
				3295996C20567A020031C302 /* strings.c in Sources */,
				3295997020567A020031C302 /* suffix_array.c in Sources */,
				329599742056B6500031C302 /* search.c in Sources */,
				329599772057B2210031C302 /* cigar.c in Sources */,
				3295996A20567A020031C302 /* string_vector.c in Sources */,
				3295996B20567A020031C302 /* fasta.c in Sources */,
				3295997120567A020031C302 /* fastq.c in Sources */,
				3295996F20567A020031C302 /* pair_stack.c in Sources */,
				3295996D20567A020031C302 /* suffix_array_records.c in Sources */,
			);
			runOnlyForDeploymentPostprocessing = 0;
		};
/* End PBXSourcesBuildPhase section */

/* Begin XCBuildConfiguration section */
		32D8FE572056799B000A55B6 /* Debug */ = {
			isa = XCBuildConfiguration;
			buildSettings = {
				ALWAYS_SEARCH_USER_PATHS = NO;
				CLANG_ANALYZER_NONNULL = YES;
				CLANG_ANALYZER_NUMBER_OBJECT_CONVERSION = YES_AGGRESSIVE;
				CLANG_CXX_LANGUAGE_STANDARD = "gnu++14";
				CLANG_CXX_LIBRARY = "libc++";
				CLANG_ENABLE_MODULES = YES;
				CLANG_ENABLE_OBJC_ARC = YES;
				CLANG_WARN_BLOCK_CAPTURE_AUTORELEASING = YES;
				CLANG_WARN_BOOL_CONVERSION = YES;
				CLANG_WARN_COMMA = YES;
				CLANG_WARN_CONSTANT_CONVERSION = YES;
				CLANG_WARN_DIRECT_OBJC_ISA_USAGE = YES_ERROR;
				CLANG_WARN_DOCUMENTATION_COMMENTS = YES;
				CLANG_WARN_EMPTY_BODY = YES;
				CLANG_WARN_ENUM_CONVERSION = YES;
				CLANG_WARN_INFINITE_RECURSION = YES;
				CLANG_WARN_INT_CONVERSION = YES;
				CLANG_WARN_NON_LITERAL_NULL_CONVERSION = YES;
				CLANG_WARN_OBJC_LITERAL_CONVERSION = YES;
				CLANG_WARN_OBJC_ROOT_CLASS = YES_ERROR;
				CLANG_WARN_RANGE_LOOP_ANALYSIS = YES;
				CLANG_WARN_STRICT_PROTOTYPES = YES;
				CLANG_WARN_SUSPICIOUS_MOVE = YES;
				CLANG_WARN_UNGUARDED_AVAILABILITY = YES_AGGRESSIVE;
				CLANG_WARN_UNREACHABLE_CODE = YES;
				CLANG_WARN__DUPLICATE_METHOD_MATCH = YES;
				CODE_SIGN_IDENTITY = "Mac Developer";
				COPY_PHASE_STRIP = NO;
				DEBUG_INFORMATION_FORMAT = dwarf;
				ENABLE_STRICT_OBJC_MSGSEND = YES;
				ENABLE_TESTABILITY = YES;
				GCC_C_LANGUAGE_STANDARD = gnu11;
				GCC_DYNAMIC_NO_PIC = NO;
				GCC_NO_COMMON_BLOCKS = YES;
				GCC_OPTIMIZATION_LEVEL = 0;
				GCC_PREPROCESSOR_DEFINITIONS = (
					"DEBUG=1",
					"$(inherited)",
				);
				GCC_WARN_64_TO_32_BIT_CONVERSION = YES;
				GCC_WARN_ABOUT_RETURN_TYPE = YES_ERROR;
				GCC_WARN_UNDECLARED_SELECTOR = YES;
				GCC_WARN_UNINITIALIZED_AUTOS = YES_AGGRESSIVE;
				GCC_WARN_UNUSED_FUNCTION = YES;
				GCC_WARN_UNUSED_VARIABLE = YES;
				MACOSX_DEPLOYMENT_TARGET = 10.13;
				MTL_ENABLE_DEBUG_INFO = YES;
				ONLY_ACTIVE_ARCH = YES;
				SDKROOT = macosx;
			};
			name = Debug;
		};
		32D8FE582056799B000A55B6 /* Release */ = {
			isa = XCBuildConfiguration;
			buildSettings = {
				ALWAYS_SEARCH_USER_PATHS = NO;
				CLANG_ANALYZER_NONNULL = YES;
				CLANG_ANALYZER_NUMBER_OBJECT_CONVERSION = YES_AGGRESSIVE;
				CLANG_CXX_LANGUAGE_STANDARD = "gnu++14";
				CLANG_CXX_LIBRARY = "libc++";
				CLANG_ENABLE_MODULES = YES;
				CLANG_ENABLE_OBJC_ARC = YES;
				CLANG_WARN_BLOCK_CAPTURE_AUTORELEASING = YES;
				CLANG_WARN_BOOL_CONVERSION = YES;
				CLANG_WARN_COMMA = YES;
				CLANG_WARN_CONSTANT_CONVERSION = YES;
				CLANG_WARN_DIRECT_OBJC_ISA_USAGE = YES_ERROR;
				CLANG_WARN_DOCUMENTATION_COMMENTS = YES;
				CLANG_WARN_EMPTY_BODY = YES;
				CLANG_WARN_ENUM_CONVERSION = YES;
				CLANG_WARN_INFINITE_RECURSION = YES;
				CLANG_WARN_INT_CONVERSION = YES;
				CLANG_WARN_NON_LITERAL_NULL_CONVERSION = YES;
				CLANG_WARN_OBJC_LITERAL_CONVERSION = YES;
				CLANG_WARN_OBJC_ROOT_CLASS = YES_ERROR;
				CLANG_WARN_RANGE_LOOP_ANALYSIS = YES;
				CLANG_WARN_STRICT_PROTOTYPES = YES;
				CLANG_WARN_SUSPICIOUS_MOVE = YES;
				CLANG_WARN_UNGUARDED_AVAILABILITY = YES_AGGRESSIVE;
				CLANG_WARN_UNREACHABLE_CODE = YES;
				CLANG_WARN__DUPLICATE_METHOD_MATCH = YES;
				CODE_SIGN_IDENTITY = "Mac Developer";
				COPY_PHASE_STRIP = NO;
				DEBUG_INFORMATION_FORMAT = "dwarf-with-dsym";
				ENABLE_NS_ASSERTIONS = NO;
				ENABLE_STRICT_OBJC_MSGSEND = YES;
				GCC_C_LANGUAGE_STANDARD = gnu11;
				GCC_NO_COMMON_BLOCKS = YES;
				GCC_WARN_64_TO_32_BIT_CONVERSION = YES;
				GCC_WARN_ABOUT_RETURN_TYPE = YES_ERROR;
				GCC_WARN_UNDECLARED_SELECTOR = YES;
				GCC_WARN_UNINITIALIZED_AUTOS = YES_AGGRESSIVE;
				GCC_WARN_UNUSED_FUNCTION = YES;
				GCC_WARN_UNUSED_VARIABLE = YES;
				MACOSX_DEPLOYMENT_TARGET = 10.13;
				MTL_ENABLE_DEBUG_INFO = NO;
				SDKROOT = macosx;
			};
			name = Release;
		};
		32D8FE5A2056799B000A55B6 /* Debug */ = {
			isa = XCBuildConfiguration;
			buildSettings = {
				CLANG_WARN_IMPLICIT_SIGN_CONVERSION = YES;
				CLANG_WARN_SUSPICIOUS_IMPLICIT_CONVERSION = YES;
				CODE_SIGN_STYLE = Automatic;
				DEVELOPMENT_TEAM = 9EV6Z6TZFJ;
				GCC_TREAT_IMPLICIT_FUNCTION_DECLARATIONS_AS_ERRORS = YES;
				GCC_TREAT_INCOMPATIBLE_POINTER_TYPE_WARNINGS_AS_ERRORS = YES;
				GCC_WARN_ABOUT_MISSING_FIELD_INITIALIZERS = YES;
				GCC_WARN_ABOUT_MISSING_NEWLINE = YES;
				GCC_WARN_ABOUT_MISSING_PROTOTYPES = YES;
				GCC_WARN_PEDANTIC = YES;
				GCC_WARN_SIGN_COMPARE = YES;
				GCC_WARN_UNUSED_PARAMETER = NO;
				PRODUCT_NAME = "$(TARGET_NAME)";
			};
			name = Debug;
		};
		32D8FE5B2056799B000A55B6 /* Release */ = {
			isa = XCBuildConfiguration;
			buildSettings = {
				CLANG_WARN_IMPLICIT_SIGN_CONVERSION = YES;
				CLANG_WARN_SUSPICIOUS_IMPLICIT_CONVERSION = YES;
				CODE_SIGN_STYLE = Automatic;
				DEVELOPMENT_TEAM = 9EV6Z6TZFJ;
				GCC_TREAT_IMPLICIT_FUNCTION_DECLARATIONS_AS_ERRORS = YES;
				GCC_TREAT_INCOMPATIBLE_POINTER_TYPE_WARNINGS_AS_ERRORS = YES;
				GCC_WARN_ABOUT_MISSING_FIELD_INITIALIZERS = YES;
				GCC_WARN_ABOUT_MISSING_NEWLINE = YES;
				GCC_WARN_ABOUT_MISSING_PROTOTYPES = YES;
				GCC_WARN_PEDANTIC = YES;
				GCC_WARN_SIGN_COMPARE = YES;
				GCC_WARN_UNUSED_PARAMETER = NO;
				PRODUCT_NAME = "$(TARGET_NAME)";
			};
			name = Release;
		};
/* End XCBuildConfiguration section */

/* Begin XCConfigurationList section */
		32D8FE4D2056799B000A55B6 /* Build configuration list for PBXProject "bw_readmapper" */ = {
			isa = XCConfigurationList;
			buildConfigurations = (
				32D8FE572056799B000A55B6 /* Debug */,
				32D8FE582056799B000A55B6 /* Release */,
			);
			defaultConfigurationIsVisible = 0;
			defaultConfigurationName = Release;
		};
		32D8FE592056799B000A55B6 /* Build configuration list for PBXNativeTarget "bw_readmapper" */ = {
			isa = XCConfigurationList;
			buildConfigurations = (
				32D8FE5A2056799B000A55B6 /* Debug */,
				32D8FE5B2056799B000A55B6 /* Release */,
			);
			defaultConfigurationIsVisible = 0;
			defaultConfigurationName = Release;
		};
/* End XCConfigurationList section */
	};
	rootObject = 32D8FE4A2056799B000A55B6 /* Project object */;
}
